
Microsoft Visual Studio Solution File, Format Version 12.00
# Visual Studio 14
VisualStudioVersion = 14.0.25420.1
MinimumVisualStudioVersion = 10.0.40219.1
Project("{FAE04EC0-301F-11D3-BF4B-00C04F79EFBC}") = "scLInq.Domain", "scLInq.Domain\scLInq.Domain.csproj", "{33FEA503-06CA-42EA-B8A3-C72AABBC284E}"
EndProject
Project("{FAE04EC0-301F-11D3-BF4B-00C04F79EFBC}") = "scLInq.Repository", "scLInq.Repository\scLInq.Repository.csproj", "{71369BEC-C029-4DA0-8908-D5E9F78BE289}"
EndProject
Project("{FAE04EC0-301F-11D3-BF4B-00C04F79EFBC}") = "scLInq.WebUI", "scLInq.WebUI\scLInq.WebUI.csproj", "{7DEAA2B6-619F-434F-B119-99C9AE5D9B2B}"
EndProject
Global
	GlobalSection(SolutionConfigurationPlatforms) = preSolution
		Debug|Any CPU = Debug|Any CPU
		Release|Any CPU = Release|Any CPU
	EndGlobalSection
	GlobalSection(ProjectConfigurationPlatforms) = postSolution
		{33FEA503-06CA-42EA-B8A3-C72AABBC284E}.Debug|Any CPU.ActiveCfg = Debug|Any CPU
		{33FEA503-06CA-42EA-B8A3-C72AABBC284E}.Debug|Any CPU.Build.0 = Debug|Any CPU
		{33FEA503-06CA-42EA-B8A3-C72AABBC284E}.Release|Any CPU.ActiveCfg = Release|Any CPU
		{33FEA503-06CA-42EA-B8A3-C72AABBC284E}.Release|Any CPU.Build.0 = Release|Any CPU
		{71369BEC-C029-4DA0-8908-D5E9F78BE289}.Debug|Any CPU.ActiveCfg = Debug|Any CPU
		{71369BEC-C029-4DA0-8908-D5E9F78BE289}.Debug|Any CPU.Build.0 = Debug|Any CPU
		{71369BEC-C029-4DA0-8908-D5E9F78BE289}.Release|Any CPU.ActiveCfg = Release|Any CPU
		{71369BEC-C029-4DA0-8908-D5E9F78BE289}.Release|Any CPU.Build.0 = Release|Any CPU
		{7DEAA2B6-619F-434F-B119-99C9AE5D9B2B}.Debug|Any CPU.ActiveCfg = Debug|Any CPU
		{7DEAA2B6-619F-434F-B119-99C9AE5D9B2B}.Debug|Any CPU.Build.0 = Debug|Any CPU
		{7DEAA2B6-619F-434F-B119-99C9AE5D9B2B}.Release|Any CPU.ActiveCfg = Release|Any CPU
		{7DEAA2B6-619F-434F-B119-99C9AE5D9B2B}.Release|Any CPU.Build.0 = Release|Any CPU
	EndGlobalSection
	GlobalSection(SolutionProperties) = preSolution
		HideSolutionNode = FALSE
	EndGlobalSection
EndGlobal
